sonata_block:
    default_contexts: [cms]
    blocks:
        # Enable the SonataAdminBundle block
        sonata.admin.block.admin_list:
            contexts:   [admin]
        sonata.admin.block.search_result:
            contexts: [admin]
        sonata.block.service.text:
            contexts: [admin]
        sonata.block.service.rss:
            contexts: [admin]
            